// !$*UTF8*$!
{
	archiveVersion = 1;
	classes = {
	};
	objectVersion = 46;
	objects = {

/* Begin PBXBuildFile section */
		812AEA9019464B9900AA2501 /* Foundation.framework in Frameworks */ = {isa = PBXBuildFile; fileRef = 812AEA8F19464B9900AA2501 /* Foundation.framework */; };
		812AEA9219464B9900AA2501 /* CoreGraphics.framework in Frameworks */ = {isa = PBXBuildFile; fileRef = 812AEA9119464B9900AA2501 /* CoreGraphics.framework */; };
		812AEA9419464B9900AA2501 /* UIKit.framework in Frameworks */ = {isa = PBXBuildFile; fileRef = 812AEA9319464B9900AA2501 /* UIKit.framework */; };
		812AEA9A19464B9900AA2501 /* InfoPlist.strings in Resources */ = {isa = PBXBuildFile; fileRef = 812AEA9819464B9900AA2501 /* InfoPlist.strings */; };
		812AEA9C19464B9900AA2501 /* main.m in Sources */ = {isa = PBXBuildFile; fileRef = 812AEA9B19464B9900AA2501 /* main.m */; };
		812AEAA019464B9900AA2501 /* PCSAppDelegate.m in Sources */ = {isa = PBXBuildFile; fileRef = 812AEA9F19464B9900AA2501 /* PCSAppDelegate.m */; };
		812AEAA219464B9900AA2501 /* Images.xcassets in Resources */ = {isa = PBXBuildFile; fileRef = 812AEAA119464B9900AA2501 /* Images.xcassets */; };
		812AEAA919464B9900AA2501 /* XCTest.framework in Frameworks */ = {isa = PBXBuildFile; fileRef = 812AEAA819464B9900AA2501 /* XCTest.framework */; };
		812AEAAA19464B9900AA2501 /* Foundation.framework in Frameworks */ = {isa = PBXBuildFile; fileRef = 812AEA8F19464B9900AA2501 /* Foundation.framework */; };
		812AEAAB19464B9900AA2501 /* UIKit.framework in Frameworks */ = {isa = PBXBuildFile; fileRef = 812AEA9319464B9900AA2501 /* UIKit.framework */; };
		812AEAB319464B9900AA2501 /* InfoPlist.strings in Resources */ = {isa = PBXBuildFile; fileRef = 812AEAB119464B9900AA2501 /* InfoPlist.strings */; };
		812AEAB519464B9900AA2501 /* PCSCoreDataManagerExampleTests.m in Sources */ = {isa = PBXBuildFile; fileRef = 812AEAB419464B9900AA2501 /* PCSCoreDataManagerExampleTests.m */; };
		812AEAC119464BC600AA2501 /* PCSCoreDataManager.m in Sources */ = {isa = PBXBuildFile; fileRef = 812AEAC019464BC600AA2501 /* PCSCoreDataManager.m */; };
		812AEAC319464C0B00AA2501 /* CoreData.framework in Frameworks */ = {isa = PBXBuildFile; fileRef = 812AEAC219464C0B00AA2501 /* CoreData.framework */; };
		812AEAC619464D4900AA2501 /* TestData.xcdatamodeld in Sources */ = {isa = PBXBuildFile; fileRef = 812AEAC419464D4900AA2501 /* TestData.xcdatamodeld */; };
/* End PBXBuildFile section */

/* Begin PBXContainerItemProxy section */
		812AEAAC19464B9900AA2501 /* PBXContainerItemProxy */ = {
			isa = PBXContainerItemProxy;
			containerPortal = 812AEA8419464B9900AA2501 /* Project object */;
			proxyType = 1;
			remoteGlobalIDString = 812AEA8B19464B9900AA2501;
			remoteInfo = PCSCoreDataManagerExample;
		};
/* End PBXContainerItemProxy section */

/* Begin PBXFileReference section */
		812AEA8C19464B9900AA2501 /* PCSCoreDataManagerExample.app */ = {isa = PBXFileReference; explicitFileType = wrapper.application; includeInIndex = 0; path = PCSCoreDataManagerExample.app; sourceTree = BUILT_PRODUCTS_DIR; };
		812AEA8F19464B9900AA2501 /* Foundation.framework */ = {isa = PBXFileReference; lastKnownFileType = wrapper.framework; name = Foundation.framework; path = System/Library/Frameworks/Foundation.framework; sourceTree = SDKROOT; };
		812AEA9119464B9900AA2501 /* CoreGraphics.framework */ = {isa = PBXFileReference; lastKnownFileType = wrapper.framework; name = CoreGraphics.framework; path = System/Library/Frameworks/CoreGraphics.framework; sourceTree = SDKROOT; };
		812AEA9319464B9900AA2501 /* UIKit.framework */ = {isa = PBXFileReference; lastKnownFileType = wrapper.framework; name = UIKit.framework; path = System/Library/Frameworks/UIKit.framework; sourceTree = SDKROOT; };
		812AEA9719464B9900AA2501 /* PCSCoreDataManagerExample-Info.plist */ = {isa = PBXFileReference; lastKnownFileType = text.plist.xml; path = "PCSCoreDataManagerExample-Info.plist"; sourceTree = "<group>"; };
		812AEA9919464B9900AA2501 /* en */ = {isa = PBXFileReference; lastKnownFileType = text.plist.strings; name = en; path = en.lproj/InfoPlist.strings; sourceTree = "<group>"; };
		812AEA9B19464B9900AA2501 /* main.m */ = {isa = PBXFileReference; lastKnownFileType = sourcecode.c.objc; path = main.m; sourceTree = "<group>"; };
		812AEA9D19464B9900AA2501 /* PCSCoreDataManagerExample-Prefix.pch */ = {isa = PBXFileReference; lastKnownFileType = sourcecode.c.h; path = "PCSCoreDataManagerExample-Prefix.pch"; sourceTree = "<group>"; };
		812AEA9E19464B9900AA2501 /* PCSAppDelegate.h */ = {isa = PBXFileReference; lastKnownFileType = sourcecode.c.h; path = PCSAppDelegate.h; sourceTree = "<group>"; };
		812AEA9F19464B9900AA2501 /* PCSAppDelegate.m */ = {isa = PBXFileReference; lastKnownFileType = sourcecode.c.objc; path = PCSAppDelegate.m; sourceTree = "<group>"; };
		812AEAA119464B9900AA2501 /* Images.xcassets */ = {isa = PBXFileReference; lastKnownFileType = folder.assetcatalog; path = Images.xcassets; sourceTree = "<group>"; };
		812AEAA719464B9900AA2501 /* PCSCoreDataManagerExampleTests.xctest */ = {isa = PBXFileReference; explicitFileType = wrapper.cfbundle; includeInIndex = 0; path = PCSCoreDataManagerExampleTests.xctest; sourceTree = BUILT_PRODUCTS_DIR; };
		812AEAA819464B9900AA2501 /* XCTest.framework */ = {isa = PBXFileReference; lastKnownFileType = wrapper.framework; name = XCTest.framework; path = Library/Frameworks/XCTest.framework; sourceTree = DEVELOPER_DIR; };
		812AEAB019464B9900AA2501 /* PCSCoreDataManagerExampleTests-Info.plist */ = {isa = PBXFileReference; lastKnownFileType = text.plist.xml; path = "PCSCoreDataManagerExampleTests-Info.plist"; sourceTree = "<group>"; };
		812AEAB219464B9900AA2501 /* en */ = {isa = PBXFileReference; lastKnownFileType = text.plist.strings; name = en; path = en.lproj/InfoPlist.strings; sourceTree = "<group>"; };
		812AEAB419464B9900AA2501 /* PCSCoreDataManagerExampleTests.m */ = {isa = PBXFileReference; lastKnownFileType = sourcecode.c.objc; path = PCSCoreDataManagerExampleTests.m; sourceTree = "<group>"; };
		812AEABF19464BC600AA2501 /* PCSCoreDataManager.h */ = {isa = PBXFileReference; fileEncoding = 4; lastKnownFileType = sourcecode.c.h; path = PCSCoreDataManager.h; sourceTree = "<group>"; };
		812AEAC019464BC600AA2501 /* PCSCoreDataManager.m */ = {isa = PBXFileReference; fileEncoding = 4; lastKnownFileType = sourcecode.c.objc; path = PCSCoreDataManager.m; sourceTree = "<group>"; };
		812AEAC219464C0B00AA2501 /* CoreData.framework */ = {isa = PBXFileReference; lastKnownFileType = wrapper.framework; name = CoreData.framework; path = System/Library/Frameworks/CoreData.framework; sourceTree = SDKROOT; };
		812AEAC519464D4900AA2501 /* TestData.xcdatamodel */ = {isa = PBXFileReference; lastKnownFileType = wrapper.xcdatamodel; path = TestData.xcdatamodel; sourceTree = "<group>"; };
/* End PBXFileReference section */

/* Begin PBXFrameworksBuildPhase section */
		812AEA8919464B9900AA2501 /* Frameworks */ = {
			isa = PBXFrameworksBuildPhase;
			buildActionMask = 2147483647;
			files = (
				812AEAC319464C0B00AA2501 /* CoreData.framework in Frameworks */,
				812AEA9219464B9900AA2501 /* CoreGraphics.framework in Frameworks */,
				812AEA9419464B9900AA2501 /* UIKit.framework in Frameworks */,
				812AEA9019464B9900AA2501 /* Foundation.framework in Frameworks */,
			);
			runOnlyForDeploymentPostprocessing = 0;
		};
		812AEAA419464B9900AA2501 /* Frameworks */ = {
			isa = PBXFrameworksBuildPhase;
			buildActionMask = 2147483647;
			files = (
				812AEAA919464B9900AA2501 /* XCTest.framework in Frameworks */,
				812AEAAB19464B9900AA2501 /* UIKit.framework in Frameworks */,
				812AEAAA19464B9900AA2501 /* Foundation.framework in Frameworks */,
			);
			runOnlyForDeploymentPostprocessing = 0;
		};
/* End PBXFrameworksBuildPhase section */

/* Begin PBXGroup section */
		812AEA8319464B9900AA2501 = {
			isa = PBXGroup;
			children = (
				812AEABE19464BBC00AA2501 /* PCSCoreDataManager */,
				812AEA9519464B9900AA2501 /* PCSCoreDataManagerExample */,
				812AEAAE19464B9900AA2501 /* PCSCoreDataManagerExampleTests */,
				812AEA8E19464B9900AA2501 /* Frameworks */,
				812AEA8D19464B9900AA2501 /* Products */,
			);
			sourceTree = "<group>";
		};
		812AEA8D19464B9900AA2501 /* Products */ = {
			isa = PBXGroup;
			children = (
				812AEA8C19464B9900AA2501 /* PCSCoreDataManagerExample.app */,
				812AEAA719464B9900AA2501 /* PCSCoreDataManagerExampleTests.xctest */,
			);
			name = Products;
			sourceTree = "<group>";
		};
		812AEA8E19464B9900AA2501 /* Frameworks */ = {
			isa = PBXGroup;
			children = (
				812AEAC219464C0B00AA2501 /* CoreData.framework */,
				812AEA8F19464B9900AA2501 /* Foundation.framework */,
				812AEA9119464B9900AA2501 /* CoreGraphics.framework */,
				812AEA9319464B9900AA2501 /* UIKit.framework */,
				812AEAA819464B9900AA2501 /* XCTest.framework */,
			);
			name = Frameworks;
			sourceTree = "<group>";
		};
		812AEA9519464B9900AA2501 /* PCSCoreDataManagerExample */ = {
			isa = PBXGroup;
			children = (
				812AEA9E19464B9900AA2501 /* PCSAppDelegate.h */,
				812AEA9F19464B9900AA2501 /* PCSAppDelegate.m */,
				812AEAC419464D4900AA2501 /* TestData.xcdatamodeld */,
				812AEAA119464B9900AA2501 /* Images.xcassets */,
				812AEA9619464B9900AA2501 /* Supporting Files */,
			);
			path = PCSCoreDataManagerExample;
			sourceTree = "<group>";
		};
		812AEA9619464B9900AA2501 /* Supporting Files */ = {
			isa = PBXGroup;
			children = (
				812AEA9719464B9900AA2501 /* PCSCoreDataManagerExample-Info.plist */,
				812AEA9819464B9900AA2501 /* InfoPlist.strings */,
				812AEA9B19464B9900AA2501 /* main.m */,
				812AEA9D19464B9900AA2501 /* PCSCoreDataManagerExample-Prefix.pch */,
			);
			name = "Supporting Files";
			sourceTree = "<group>";
		};
		812AEAAE19464B9900AA2501 /* PCSCoreDataManagerExampleTests */ = {
			isa = PBXGroup;
			children = (
				812AEAB419464B9900AA2501 /* PCSCoreDataManagerExampleTests.m */,
				812AEAAF19464B9900AA2501 /* Supporting Files */,
			);
			path = PCSCoreDataManagerExampleTests;
			sourceTree = "<group>";
		};
		812AEAAF19464B9900AA2501 /* Supporting Files */ = {
			isa = PBXGroup;
			children = (
				812AEAB019464B9900AA2501 /* PCSCoreDataManagerExampleTests-Info.plist */,
				812AEAB119464B9900AA2501 /* InfoPlist.strings */,
			);
			name = "Supporting Files";
			sourceTree = "<group>";
		};
		812AEABE19464BBC00AA2501 /* PCSCoreDataManager */ = {
			isa = PBXGroup;
			children = (
				812AEABF19464BC600AA2501 /* PCSCoreDataManager.h */,
				812AEAC019464BC600AA2501 /* PCSCoreDataManager.m */,
			);
			name = PCSCoreDataManager;
			path = ../PCSCoreDataManager;
			sourceTree = "<group>";
		};
/* End PBXGroup section */

/* Begin PBXNativeTarget section */
		812AEA8B19464B9900AA2501 /* PCSCoreDataManagerExample */ = {
			isa = PBXNativeTarget;
			buildConfigurationList = 812AEAB819464B9900AA2501 /* Build configuration list for PBXNativeTarget "PCSCoreDataManagerExample" */;
			buildPhases = (
				812AEA8819464B9900AA2501 /* Sources */,
				812AEA8919464B9900AA2501 /* Frameworks */,
				812AEA8A19464B9900AA2501 /* Resources */,
			);
			buildRules = (
			);
			dependencies = (
			);
			name = PCSCoreDataManagerExample;
			productName = PCSCoreDataManagerExample;
			productReference = 812AEA8C19464B9900AA2501 /* PCSCoreDataManagerExample.app */;
			productType = "com.apple.product-type.application";
		};
		812AEAA619464B9900AA2501 /* PCSCoreDataManagerExampleTests */ = {
			isa = PBXNativeTarget;
			buildConfigurationList = 812AEABB19464B9900AA2501 /* Build configuration list for PBXNativeTarget "PCSCoreDataManagerExampleTests" */;
			buildPhases = (
				812AEAA319464B9900AA2501 /* Sources */,
				812AEAA419464B9900AA2501 /* Frameworks */,
				812AEAA519464B9900AA2501 /* Resources */,
			);
			buildRules = (
			);
			dependencies = (
				812AEAAD19464B9900AA2501 /* PBXTargetDependency */,
			);
			name = PCSCoreDataManagerExampleTests;
			productName = PCSCoreDataManagerExampleTests;
			productReference = 812AEAA719464B9900AA2501 /* PCSCoreDataManagerExampleTests.xctest */;
			productType = "com.apple.product-type.bundle.unit-test";
		};
/* End PBXNativeTarget section */

/* Begin PBXProject section */
		812AEA8419464B9900AA2501 /* Project object */ = {
			isa = PBXProject;
			attributes = {
				CLASSPREFIX = PCS;
				LastUpgradeCheck = 0510;
				ORGANIZATIONNAME = pchensoftware;
				TargetAttributes = {
					812AEAA619464B9900AA2501 = {
						TestTargetID = 812AEA8B19464B9900AA2501;
					};
				};
			};
			buildConfigurationList = 812AEA8719464B9900AA2501 /* Build configuration list for PBXProject "PCSCoreDataManagerExample" */;
			compatibilityVersion = "Xcode 3.2";
			developmentRegion = English;
			hasScannedForEncodings = 0;
			knownRegions = (
				en,
			);
			mainGroup = 812AEA8319464B9900AA2501;
			productRefGroup = 812AEA8D19464B9900AA2501 /* Products */;
			projectDirPath = "";
			projectRoot = "";
			targets = (
				812AEA8B19464B9900AA2501 /* PCSCoreDataManagerExample */,
				812AEAA619464B9900AA2501 /* PCSCoreDataManagerExampleTests */,
			);
		};
/* End PBXProject section */

/* Begin PBXResourcesBuildPhase section */
		812AEA8A19464B9900AA2501 /* Resources */ = {
			isa = PBXResourcesBuildPhase;
			buildActionMask = 2147483647;
			files = (
				812AEA9A19464B9900AA2501 /* InfoPlist.strings in Resources */,
				812AEAA219464B9900AA2501 /* Images.xcassets in Resources */,
			);
			runOnlyForDeploymentPostprocessing = 0;
		};
		812AEAA519464B9900AA2501 /* Resources */ = {
			isa = PBXResourcesBuildPhase;
			buildActionMask = 2147483647;
			files = (
				812AEAB319464B9900AA2501 /* InfoPlist.strings in Resources */,
			);
			runOnlyForDeploymentPostprocessing = 0;
		};
/* End PBXResourcesBuildPhase section */

/* Begin PBXSourcesBuildPhase section */
		812AEA8819464B9900AA2501 /* Sources */ = {
			isa = PBXSourcesBuildPhase;
			buildActionMask = 2147483647;
			files = (
				812AEA9C19464B9900AA2501 /* main.m in Sources */,
				812AEAA019464B9900AA2501 /* PCSAppDelegate.m in Sources */,
				812AEAC119464BC600AA2501 /* PCSCoreDataManager.m in Sources */,
				812AEAC619464D4900AA2501 /* TestData.xcdatamodeld in Sources */,
			);
			runOnlyForDeploymentPostprocessing = 0;
		};
		812AEAA319464B9900AA2501 /* Sources */ = {
			isa = PBXSourcesBuildPhase;
			buildActionMask = 2147483647;
			files = (
				812AEAB519464B9900AA2501 /* PCSCoreDataManagerExampleTests.m in Sources */,
			);
			runOnlyForDeploymentPostprocessing = 0;
		};
/* End PBXSourcesBuildPhase section */

/* Begin PBXTargetDependency section */
		812AEAAD19464B9900AA2501 /* PBXTargetDependency */ = {
			isa = PBXTargetDependency;
			target = 812AEA8B19464B9900AA2501 /* PCSCoreDataManagerExample */;
			targetProxy = 812AEAAC19464B9900AA2501 /* PBXContainerItemProxy */;
		};
/* End PBXTargetDependency section */

/* Begin PBXVariantGroup section */
		812AEA9819464B9900AA2501 /* InfoPlist.strings */ = {
			isa = PBXVariantGroup;
			children = (
				812AEA9919464B9900AA2501 /* en */,
			);
			name = InfoPlist.strings;
			sourceTree = "<group>";
		};
		812AEAB119464B9900AA2501 /* InfoPlist.strings */ = {
			isa = PBXVariantGroup;
			children = (
				812AEAB219464B9900AA2501 /* en */,
			);
			name = InfoPlist.strings;
			sourceTree = "<group>";
		};
/* End PBXVariantGroup section */

/* Begin XCBuildConfiguration section */
		812AEAB619464B9900AA2501 /* Debug */ = {
			isa = XCBuildConfiguration;
			buildSettings = {
				ALWAYS_SEARCH_USER_PATHS = NO;
				CLANG_CXX_LANGUAGE_STANDARD = "gnu++0x";
				CLANG_CXX_LIBRARY = "libc++";
				CLANG_ENABLE_MODULES = YES;
				CLANG_ENABLE_OBJC_ARC = YES;
				CLANG_WARN_BOOL_CONVERSION = YES;
				CLANG_WARN_CONSTANT_CONVERSION = YES;
				CLANG_WARN_DIRECT_OBJC_ISA_USAGE = YES_ERROR;
				CLANG_WARN_EMPTY_BODY = YES;
				CLANG_WARN_ENUM_CONVERSION = YES;
				CLANG_WARN_INT_CONVERSION = YES;
				CLANG_WARN_OBJC_ROOT_CLASS = YES_ERROR;
				CLANG_WARN__DUPLICATE_METHOD_MATCH = YES;
				"CODE_SIGN_IDENTITY[sdk=iphoneos*]" = "iPhone Developer";
				COPY_PHASE_STRIP = NO;
				GCC_C_LANGUAGE_STANDARD = gnu99;
				GCC_DYNAMIC_NO_PIC = NO;
				GCC_OPTIMIZATION_LEVEL = 0;
				GCC_PREPROCESSOR_DEFINITIONS = (
					"DEBUG=1",
					"$(inherited)",
				);
				GCC_SYMBOLS_PRIVATE_EXTERN = NO;
				GCC_WARN_64_TO_32_BIT_CONVERSION = YES;
				GCC_WARN_ABOUT_RETURN_TYPE = YES_ERROR;
				GCC_WARN_UNDECLARED_SELECTOR = YES;
				GCC_WARN_UNINITIALIZED_AUTOS = YES_AGGRESSIVE;
				GCC_WARN_UNUSED_FUNCTION = YES;
				GCC_WARN_UNUSED_VARIABLE = YES;
				IPHONEOS_DEPLOYMENT_TARGET = 7.1;
				ONLY_ACTIVE_ARCH = YES;
				SDKROOT = iphoneos;
			};
			name = Debug;
		};
		812AEAB719464B9900AA2501 /* Release */ = {
			isa = XCBuildConfiguration;
			buildSettings = {
				ALWAYS_SEARCH_USER_PATHS = NO;
				CLANG_CXX_LANGUAGE_STANDARD = "gnu++0x";
				CLANG_CXX_LIBRARY = "libc++";
				CLANG_ENABLE_MODULES = YES;
				CLANG_ENABLE_OBJC_ARC = YES;
				CLANG_WARN_BOOL_CONVERSION = YES;
				CLANG_WARN_CONSTANT_CONVERSION = YES;
				CLANG_WARN_DIRECT_OBJC_ISA_USAGE = YES_ERROR;
				CLANG_WARN_EMPTY_BODY = YES;
				CLANG_WARN_ENUM_CONVERSION = YES;
				CLANG_WARN_INT_CONVERSION = YES;
				CLANG_WARN_OBJC_ROOT_CLASS = YES_ERROR;
				CLANG_WARN__DUPLICATE_METHOD_MATCH = YES;
				"CODE_SIGN_IDENTITY[sdk=iphoneos*]" = "iPhone Developer";
				COPY_PHASE_STRIP = YES;
				ENABLE_NS_ASSERTIONS = NO;
				GCC_C_LANGUAGE_STANDARD = gnu99;
				GCC_WARN_64_TO_32_BIT_CONVERSION = YES;
				GCC_WARN_ABOUT_RETURN_TYPE = YES_ERROR;
				GCC_WARN_UNDECLARED_SELECTOR = YES;
				GCC_WARN_UNINITIALIZED_AUTOS = YES_AGGRESSIVE;
				GCC_WARN_UNUSED_FUNCTION = YES;
				GCC_WARN_UNUSED_VARIABLE = YES;
				IPHONEOS_DEPLOYMENT_TARGET = 7.1;
				SDKROOT = iphoneos;
				VALIDATE_PRODUCT = YES;
			};
			name = Release;
		};
		812AEAB919464B9900AA2501 /* Debug */ = {
			isa = XCBuildConfiguration;
			buildSettings = {
				ASSETCATALOG_COMPILER_APPICON_NAME = AppIcon;
				ASSETCATALOG_COMPILER_LAUNCHIMAGE_NAME = LaunchImage;
				GCC_PRECOMPILE_PREFIX_HEADER = YES;
				GCC_PREFIX_HEADER = "PCSCoreDataManagerExample/PCSCoreDataManagerExample-Prefix.pch";
				INFOPLIST_FILE = "PCSCoreDataManagerExample/PCSCoreDataManagerExample-Info.plist";
				PRODUCT_NAME = "$(TARGET_NAME)";
				WRAPPER_EXTENSION = app;
			};
			name = Debug;
		};
		812AEABA19464B9900AA2501 /* Release */ = {
			isa = XCBuildConfiguration;
			buildSettings = {
				ASSETCATALOG_COMPILER_APPICON_NAME = AppIcon;
				ASSETCATALOG_COMPILER_LAUNCHIMAGE_NAME = LaunchImage;
				GCC_PRECOMPILE_PREFIX_HEADER = YES;
				GCC_PREFIX_HEADER = "PCSCoreDataManagerExample/PCSCoreDataManagerExample-Prefix.pch";
				INFOPLIST_FILE = "PCSCoreDataManagerExample/PCSCoreDataManagerExample-Info.plist";
				PRODUCT_NAME = "$(TARGET_NAME)";
				WRAPPER_EXTENSION = app;
			};
			name = Release;
		};
		812AEABC19464B9900AA2501 /* Debug */ = {
			isa = XCBuildConfiguration;
			buildSettings = {
				BUNDLE_LOADER = "$(BUILT_PRODUCTS_DIR)/PCSCoreDataManagerExample.app/PCSCoreDataManagerExample";
				FRAMEWORK_SEARCH_PATHS = (
					"$(SDKROOT)/Developer/Library/Frameworks",
					"$(inherited)",
					"$(DEVELOPER_FRAMEWORKS_DIR)",
				);
				GCC_PRECOMPILE_PREFIX_HEADER = YES;
				GCC_PREFIX_HEADER = "PCSCoreDataManagerExample/PCSCoreDataManagerExample-Prefix.pch";
				GCC_PREPROCESSOR_DEFINITIONS = (
					"DEBUG=1",
					"$(inherited)",
				);
				INFOPLIST_FILE = "PCSCoreDataManagerExampleTests/PCSCoreDataManagerExampleTests-Info.plist";
				PRODUCT_NAME = "$(TARGET_NAME)";
				TEST_HOST = "$(BUNDLE_LOADER)";
				WRAPPER_EXTENSION = xctest;
			};
			name = Debug;
		};
		812AEABD19464B9900AA2501 /* Release */ = {
			isa = XCBuildConfiguration;
			buildSettings = {
				BUNDLE_LOADER = "$(BUILT_PRODUCTS_DIR)/PCSCoreDataManagerExample.app/PCSCoreDataManagerExample";
				FRAMEWORK_SEARCH_PATHS = (
					"$(SDKROOT)/Developer/Library/Frameworks",
					"$(inherited)",
					"$(DEVELOPER_FRAMEWORKS_DIR)",
				);
				GCC_PRECOMPILE_PREFIX_HEADER = YES;
				GCC_PREFIX_HEADER = "PCSCoreDataManagerExample/PCSCoreDataManagerExample-Prefix.pch";
				INFOPLIST_FILE = "PCSCoreDataManagerExampleTests/PCSCoreDataManagerExampleTests-Info.plist";
				PRODUCT_NAME = "$(TARGET_NAME)";
				TEST_HOST = "$(BUNDLE_LOADER)";
				WRAPPER_EXTENSION = xctest;
			};
			name = Release;
		};
/* End XCBuildConfiguration section */

/* Begin XCConfigurationList section */
		812AEA8719464B9900AA2501 /* Build configuration list for PBXProject "PCSCoreDataManagerExample" */ = {
			isa = XCConfigurationList;
			buildConfigurations = (
				812AEAB619464B9900AA2501 /* Debug */,
				812AEAB719464B9900AA2501 /* Release */,
			);
			defaultConfigurationIsVisible = 0;
			defaultConfigurationName = Release;
		};
		812AEAB819464B9900AA2501 /* Build configuration list for PBXNativeTarget "PCSCoreDataManagerExample" */ = {
			isa = XCConfigurationList;
			buildConfigurations = (
				812AEAB919464B9900AA2501 /* Debug */,
				812AEABA19464B9900AA2501 /* Release */,
			);
			defaultConfigurationIsVisible = 0;
			defaultConfigurationName = Release;
		};
		812AEABB19464B9900AA2501 /* Build configuration list for PBXNativeTarget "PCSCoreDataManagerExampleTests" */ = {
			isa = XCConfigurationList;
			buildConfigurations = (
				812AEABC19464B9900AA2501 /* Debug */,
				812AEABD19464B9900AA2501 /* Release */,
			);
			defaultConfigurationIsVisible = 0;
			defaultConfigurationName = Release;
		};
/* End XCConfigurationList section */

/* Begin XCVersionGroup section */
		812AEAC419464D4900AA2501 /* TestData.xcdatamodeld */ = {
			isa = XCVersionGroup;
			children = (
				812AEAC519464D4900AA2501 /* TestData.xcdatamodel */,
			);
			currentVersion = 812AEAC519464D4900AA2501 /* TestData.xcdatamodel */;
			path = TestData.xcdatamodeld;
			sourceTree = "<group>";
			versionGroupType = wrapper.xcdatamodel;
		};
/* End XCVersionGroup section */
	};
	rootObject = 812AEA8419464B9900AA2501 /* Project object */;
}
